
Microsoft Visual Studio Solution File, Format Version 12.00
# Visual Studio Version 16
VisualStudioVersion = 16.0.810.9
MinimumVisualStudioVersion = 10.0.40219.1
Project("{F2A71F9B-5D33-465A-A702-920D77279786}") = "ALGOSUP_2022_Project_3_E", "ALGOSUP_2022_Project_3_E.fsproj", "{A5B4D8C7-6EEF-4548-8B44-C4E5006D9206}"
EndProject
Global
	GlobalSection(SolutionConfigurationPlatforms) = preSolution
		Debug|Any CPU = Debug|Any CPU
		Release|Any CPU = Release|Any CPU
	EndGlobalSection
	GlobalSection(ProjectConfigurationPlatforms) = postSolution
		{A5B4D8C7-6EEF-4548-8B44-C4E5006D9206}.Debug|Any CPU.ActiveCfg = Debug|Any CPU
		{A5B4D8C7-6EEF-4548-8B44-C4E5006D9206}.Debug|Any CPU.Build.0 = Debug|Any CPU
		{A5B4D8C7-6EEF-4548-8B44-C4E5006D9206}.Release|Any CPU.ActiveCfg = Release|Any CPU
		{A5B4D8C7-6EEF-4548-8B44-C4E5006D9206}.Release|Any CPU.Build.0 = Release|Any CPU
	EndGlobalSection
	GlobalSection(SolutionProperties) = preSolution
		HideSolutionNode = FALSE
	EndGlobalSection
	GlobalSection(ExtensibilityGlobals) = postSolution
		SolutionGuid = {0384C20F-F1CB-421E-B70B-5479C8199B6F}
	EndGlobalSection
EndGlobal
