
Microsoft Visual Studio Solution File, Format Version 12.00
# Visual Studio Version 16
VisualStudioVersion = 25.0.1700.0
MinimumVisualStudioVersion = 10.0.40219.1
Project("{F2A71F9B-5D33-465A-A702-920D77279786}") = "Synthetyzer", "Synthetyser\Synthetyzer.fsproj", "{3E8C2705-24B2-43D3-AD10-AE69208AF13C}"
EndProject
Project("{F2A71F9B-5D33-465A-A702-920D77279786}") = "Synthetizer.lib", "Synthetizer.lib\Synthetizer.lib.fsproj", "{33518E8D-3A74-4A6E-A9E8-1B1164C2C8E3}"
EndProject
Project("{F2A71F9B-5D33-465A-A702-920D77279786}") = "Synthetizer.test", "Synthetizer.test\Synthetizer.test.fsproj", "{8EF4595F-ACF8-433E-AF8B-C5C98BA07BA5}"
EndProject
Global
	GlobalSection(SolutionConfigurationPlatforms) = preSolution
		Debug|Any CPU = Debug|Any CPU
		Release|Any CPU = Release|Any CPU
	EndGlobalSection
	GlobalSection(ProjectConfigurationPlatforms) = postSolution
		{3E8C2705-24B2-43D3-AD10-AE69208AF13C}.Debug|Any CPU.ActiveCfg = Debug|Any CPU
		{3E8C2705-24B2-43D3-AD10-AE69208AF13C}.Debug|Any CPU.Build.0 = Debug|Any CPU
		{3E8C2705-24B2-43D3-AD10-AE69208AF13C}.Release|Any CPU.ActiveCfg = Release|Any CPU
		{3E8C2705-24B2-43D3-AD10-AE69208AF13C}.Release|Any CPU.Build.0 = Release|Any CPU
		{33518E8D-3A74-4A6E-A9E8-1B1164C2C8E3}.Debug|Any CPU.ActiveCfg = Debug|Any CPU
		{33518E8D-3A74-4A6E-A9E8-1B1164C2C8E3}.Debug|Any CPU.Build.0 = Debug|Any CPU
		{33518E8D-3A74-4A6E-A9E8-1B1164C2C8E3}.Release|Any CPU.ActiveCfg = Release|Any CPU
		{33518E8D-3A74-4A6E-A9E8-1B1164C2C8E3}.Release|Any CPU.Build.0 = Release|Any CPU
		{8EF4595F-ACF8-433E-AF8B-C5C98BA07BA5}.Debug|Any CPU.ActiveCfg = Debug|Any CPU
		{8EF4595F-ACF8-433E-AF8B-C5C98BA07BA5}.Debug|Any CPU.Build.0 = Debug|Any CPU
		{8EF4595F-ACF8-433E-AF8B-C5C98BA07BA5}.Release|Any CPU.ActiveCfg = Release|Any CPU
		{8EF4595F-ACF8-433E-AF8B-C5C98BA07BA5}.Release|Any CPU.Build.0 = Release|Any CPU
	EndGlobalSection
	GlobalSection(SolutionProperties) = preSolution
		HideSolutionNode = FALSE
	EndGlobalSection
	GlobalSection(ExtensibilityGlobals) = postSolution
		SolutionGuid = {4F0AFFCD-C702-42A7-B73B-061A4206681B}
	EndGlobalSection
EndGlobal
